
Microsoft Visual Studio Solution File, Format Version 12.00
# Visual Studio Version 17
VisualStudioVersion = 17.10.35027.167
MinimumVisualStudioVersion = 10.0.40219.1
Project("{FAE04EC0-301F-11D3-BF4B-00C04F79EFBC}") = "BIgOneChatAuthService", "BIgOneChatAuthService\BIgOneChatAuthService.csproj", "{DE177DCB-5440-4D19-B7DF-A740CE58D959}"
EndProject
Project("{2150E333-8FDC-42A3-9474-1A3956D46DE8}") = "Test", "Test", "{DFE2CA09-3F6F-4A80-887B-8E02EC4987C3}"
EndProject
Project("{9A19103F-16F7-4668-BE54-9A1E7A4F7556}") = "Auth.UnitTest", "Test\Auth.UnitTest\Auth.UnitTest.csproj", "{FF2AC885-926D-42EB-AF9E-F2A5C8ED27B1}"
EndProject
Global
	GlobalSection(SolutionConfigurationPlatforms) = preSolution
		Debug|Any CPU = Debug|Any CPU
		Release|Any CPU = Release|Any CPU
	EndGlobalSection
	GlobalSection(ProjectConfigurationPlatforms) = postSolution
<<<<<<< Updated upstream
		{DE177DCB-5440-4D19-B7DF-A740CE58D959}.Debug|Any CPU.ActiveCfg = Debug|Any CPU
		{DE177DCB-5440-4D19-B7DF-A740CE58D959}.Debug|Any CPU.Build.0 = Debug|Any CPU
		{DE177DCB-5440-4D19-B7DF-A740CE58D959}.Release|Any CPU.ActiveCfg = Release|Any CPU
		{DE177DCB-5440-4D19-B7DF-A740CE58D959}.Release|Any CPU.Build.0 = Release|Any CPU
=======
		{EC964A45-DB2C-4005-926D-0B2F5723B76D}.Debug|Any CPU.ActiveCfg = Debug|Any CPU
		{EC964A45-DB2C-4005-926D-0B2F5723B76D}.Debug|Any CPU.Build.0 = Debug|Any CPU
		{EC964A45-DB2C-4005-926D-0B2F5723B76D}.Release|Any CPU.ActiveCfg = Release|Any CPU
		{EC964A45-DB2C-4005-926D-0B2F5723B76D}.Release|Any CPU.Build.0 = Release|Any CPU
		{79CF5286-D50B-487F-9A93-00A526BC7600}.Debug|Any CPU.ActiveCfg = Debug|Any CPU
		{79CF5286-D50B-487F-9A93-00A526BC7600}.Debug|Any CPU.Build.0 = Debug|Any CPU
		{79CF5286-D50B-487F-9A93-00A526BC7600}.Release|Any CPU.ActiveCfg = Release|Any CPU
		{79CF5286-D50B-487F-9A93-00A526BC7600}.Release|Any CPU.Build.0 = Release|Any CPU
		{F5A3C82B-638B-45FF-90D3-F76DB7D1D836}.Debug|Any CPU.ActiveCfg = Debug|Any CPU
		{F5A3C82B-638B-45FF-90D3-F76DB7D1D836}.Debug|Any CPU.Build.0 = Debug|Any CPU
		{F5A3C82B-638B-45FF-90D3-F76DB7D1D836}.Release|Any CPU.ActiveCfg = Release|Any CPU
		{F5A3C82B-638B-45FF-90D3-F76DB7D1D836}.Release|Any CPU.Build.0 = Release|Any CPU
		{5FE50EFF-E142-451A-B251-A1AF352DF658}.Debug|Any CPU.ActiveCfg = Debug|Any CPU
		{5FE50EFF-E142-451A-B251-A1AF352DF658}.Debug|Any CPU.Build.0 = Debug|Any CPU
		{5FE50EFF-E142-451A-B251-A1AF352DF658}.Release|Any CPU.ActiveCfg = Release|Any CPU
		{5FE50EFF-E142-451A-B251-A1AF352DF658}.Release|Any CPU.Build.0 = Release|Any CPU
		{82D95F60-7422-456B-AA4A-489DD6E607F0}.Debug|Any CPU.ActiveCfg = Debug|Any CPU
		{82D95F60-7422-456B-AA4A-489DD6E607F0}.Debug|Any CPU.Build.0 = Debug|Any CPU
		{82D95F60-7422-456B-AA4A-489DD6E607F0}.Release|Any CPU.ActiveCfg = Release|Any CPU
		{82D95F60-7422-456B-AA4A-489DD6E607F0}.Release|Any CPU.Build.0 = Release|Any CPU
		{DE83F4B4-FC0A-4375-8DFF-EB63D4EFC94D}.Debug|Any CPU.ActiveCfg = Debug|Any CPU
		{DE83F4B4-FC0A-4375-8DFF-EB63D4EFC94D}.Debug|Any CPU.Build.0 = Debug|Any CPU
		{DE83F4B4-FC0A-4375-8DFF-EB63D4EFC94D}.Release|Any CPU.ActiveCfg = Release|Any CPU
		{DE83F4B4-FC0A-4375-8DFF-EB63D4EFC94D}.Release|Any CPU.Build.0 = Release|Any CPU
		{FF2AC885-926D-42EB-AF9E-F2A5C8ED27B1}.Debug|Any CPU.ActiveCfg = Debug|Any CPU
		{FF2AC885-926D-42EB-AF9E-F2A5C8ED27B1}.Debug|Any CPU.Build.0 = Debug|Any CPU
		{FF2AC885-926D-42EB-AF9E-F2A5C8ED27B1}.Release|Any CPU.ActiveCfg = Release|Any CPU
		{FF2AC885-926D-42EB-AF9E-F2A5C8ED27B1}.Release|Any CPU.Build.0 = Release|Any CPU
>>>>>>> Stashed changes
	EndGlobalSection
	GlobalSection(SolutionProperties) = preSolution
		HideSolutionNode = FALSE
	EndGlobalSection
<<<<<<< Updated upstream
=======
	GlobalSection(NestedProjects) = preSolution
		{79CF5286-D50B-487F-9A93-00A526BC7600} = {A64E68D1-97CB-40F5-8387-8BA4C7DD550B}
		{F5A3C82B-638B-45FF-90D3-F76DB7D1D836} = {A64E68D1-97CB-40F5-8387-8BA4C7DD550B}
		{5FE50EFF-E142-451A-B251-A1AF352DF658} = {1CE660C6-F0C5-469F-9758-BF2DEFD0F526}
		{82D95F60-7422-456B-AA4A-489DD6E607F0} = {1CE660C6-F0C5-469F-9758-BF2DEFD0F526}
		{DE83F4B4-FC0A-4375-8DFF-EB63D4EFC94D} = {81FD9FBC-AF1F-47E0-8384-CB4BAB7C74D6}
		{FF2AC885-926D-42EB-AF9E-F2A5C8ED27B1} = {DFE2CA09-3F6F-4A80-887B-8E02EC4987C3}
	EndGlobalSection
>>>>>>> Stashed changes
	GlobalSection(ExtensibilityGlobals) = postSolution
		SolutionGuid = {2AAEA557-3CE9-4A66-938C-1DFEA76495A3}
	EndGlobalSection
EndGlobal
